
Microsoft Visual Studio Solution File, Format Version 12.00
# Visual Studio Version 16
VisualStudioVersion = 16.0.30114.105
MinimumVisualStudioVersion = 10.0.40219.1
Project("{FAE04EC0-301F-11D3-BF4B-00C04F79EFBC}") = "Lecture01", "Lecture01\Lecture01.csproj", "{C4B6B64E-D543-4976-BEF6-4DA0EF9C93A9}"
EndProject
Project("{FAE04EC0-301F-11D3-BF4B-00C04F79EFBC}") = "Lecture01.Tests", "Lecture01.Tests\Lecture01.Tests.csproj", "{E45642E5-B2DC-4518-8102-7C26FD34880C}"
EndProject
Project("{FAE04EC0-301F-11D3-BF4B-00C04F79EFBC}") = "LeapYear", "LeapYear\LeapYear.csproj", "{0DC26474-624D-42C3-9D6B-C761DD07BA9F}"
EndProject
Project("{FAE04EC0-301F-11D3-BF4B-00C04F79EFBC}") = "LeapYear.Tests", "LeapYear.Tests\LeapYear.Tests.csproj", "{5CE11ADC-7839-4DB4-9FA5-E4D9562EACAB}"
EndProject
Global
	GlobalSection(SolutionConfigurationPlatforms) = preSolution
		Debug|Any CPU = Debug|Any CPU
		Debug|x64 = Debug|x64
		Debug|x86 = Debug|x86
		Release|Any CPU = Release|Any CPU
		Release|x64 = Release|x64
		Release|x86 = Release|x86
	EndGlobalSection
	GlobalSection(SolutionProperties) = preSolution
		HideSolutionNode = FALSE
	EndGlobalSection
	GlobalSection(ProjectConfigurationPlatforms) = postSolution
		{C4B6B64E-D543-4976-BEF6-4DA0EF9C93A9}.Debug|Any CPU.ActiveCfg = Debug|Any CPU
		{C4B6B64E-D543-4976-BEF6-4DA0EF9C93A9}.Debug|Any CPU.Build.0 = Debug|Any CPU
		{C4B6B64E-D543-4976-BEF6-4DA0EF9C93A9}.Debug|x64.ActiveCfg = Debug|Any CPU
		{C4B6B64E-D543-4976-BEF6-4DA0EF9C93A9}.Debug|x64.Build.0 = Debug|Any CPU
		{C4B6B64E-D543-4976-BEF6-4DA0EF9C93A9}.Debug|x86.ActiveCfg = Debug|Any CPU
		{C4B6B64E-D543-4976-BEF6-4DA0EF9C93A9}.Debug|x86.Build.0 = Debug|Any CPU
		{C4B6B64E-D543-4976-BEF6-4DA0EF9C93A9}.Release|Any CPU.ActiveCfg = Release|Any CPU
		{C4B6B64E-D543-4976-BEF6-4DA0EF9C93A9}.Release|Any CPU.Build.0 = Release|Any CPU
		{C4B6B64E-D543-4976-BEF6-4DA0EF9C93A9}.Release|x64.ActiveCfg = Release|Any CPU
		{C4B6B64E-D543-4976-BEF6-4DA0EF9C93A9}.Release|x64.Build.0 = Release|Any CPU
		{C4B6B64E-D543-4976-BEF6-4DA0EF9C93A9}.Release|x86.ActiveCfg = Release|Any CPU
		{C4B6B64E-D543-4976-BEF6-4DA0EF9C93A9}.Release|x86.Build.0 = Release|Any CPU
		{E45642E5-B2DC-4518-8102-7C26FD34880C}.Debug|Any CPU.ActiveCfg = Debug|Any CPU
		{E45642E5-B2DC-4518-8102-7C26FD34880C}.Debug|Any CPU.Build.0 = Debug|Any CPU
		{E45642E5-B2DC-4518-8102-7C26FD34880C}.Debug|x64.ActiveCfg = Debug|Any CPU
		{E45642E5-B2DC-4518-8102-7C26FD34880C}.Debug|x64.Build.0 = Debug|Any CPU
		{E45642E5-B2DC-4518-8102-7C26FD34880C}.Debug|x86.ActiveCfg = Debug|Any CPU
		{E45642E5-B2DC-4518-8102-7C26FD34880C}.Debug|x86.Build.0 = Debug|Any CPU
		{E45642E5-B2DC-4518-8102-7C26FD34880C}.Release|Any CPU.ActiveCfg = Release|Any CPU
		{E45642E5-B2DC-4518-8102-7C26FD34880C}.Release|Any CPU.Build.0 = Release|Any CPU
		{E45642E5-B2DC-4518-8102-7C26FD34880C}.Release|x64.ActiveCfg = Release|Any CPU
		{E45642E5-B2DC-4518-8102-7C26FD34880C}.Release|x64.Build.0 = Release|Any CPU
		{E45642E5-B2DC-4518-8102-7C26FD34880C}.Release|x86.ActiveCfg = Release|Any CPU
		{E45642E5-B2DC-4518-8102-7C26FD34880C}.Release|x86.Build.0 = Release|Any CPU
		{0DC26474-624D-42C3-9D6B-C761DD07BA9F}.Debug|Any CPU.ActiveCfg = Debug|Any CPU
		{0DC26474-624D-42C3-9D6B-C761DD07BA9F}.Debug|Any CPU.Build.0 = Debug|Any CPU
		{0DC26474-624D-42C3-9D6B-C761DD07BA9F}.Debug|x64.ActiveCfg = Debug|Any CPU
		{0DC26474-624D-42C3-9D6B-C761DD07BA9F}.Debug|x64.Build.0 = Debug|Any CPU
		{0DC26474-624D-42C3-9D6B-C761DD07BA9F}.Debug|x86.ActiveCfg = Debug|Any CPU
		{0DC26474-624D-42C3-9D6B-C761DD07BA9F}.Debug|x86.Build.0 = Debug|Any CPU
		{0DC26474-624D-42C3-9D6B-C761DD07BA9F}.Release|Any CPU.ActiveCfg = Release|Any CPU
		{0DC26474-624D-42C3-9D6B-C761DD07BA9F}.Release|Any CPU.Build.0 = Release|Any CPU
		{0DC26474-624D-42C3-9D6B-C761DD07BA9F}.Release|x64.ActiveCfg = Release|Any CPU
		{0DC26474-624D-42C3-9D6B-C761DD07BA9F}.Release|x64.Build.0 = Release|Any CPU
		{0DC26474-624D-42C3-9D6B-C761DD07BA9F}.Release|x86.ActiveCfg = Release|Any CPU
		{0DC26474-624D-42C3-9D6B-C761DD07BA9F}.Release|x86.Build.0 = Release|Any CPU
		{5CE11ADC-7839-4DB4-9FA5-E4D9562EACAB}.Debug|Any CPU.ActiveCfg = Debug|Any CPU
		{5CE11ADC-7839-4DB4-9FA5-E4D9562EACAB}.Debug|Any CPU.Build.0 = Debug|Any CPU
		{5CE11ADC-7839-4DB4-9FA5-E4D9562EACAB}.Debug|x64.ActiveCfg = Debug|Any CPU
		{5CE11ADC-7839-4DB4-9FA5-E4D9562EACAB}.Debug|x64.Build.0 = Debug|Any CPU
		{5CE11ADC-7839-4DB4-9FA5-E4D9562EACAB}.Debug|x86.ActiveCfg = Debug|Any CPU
		{5CE11ADC-7839-4DB4-9FA5-E4D9562EACAB}.Debug|x86.Build.0 = Debug|Any CPU
		{5CE11ADC-7839-4DB4-9FA5-E4D9562EACAB}.Release|Any CPU.ActiveCfg = Release|Any CPU
		{5CE11ADC-7839-4DB4-9FA5-E4D9562EACAB}.Release|Any CPU.Build.0 = Release|Any CPU
		{5CE11ADC-7839-4DB4-9FA5-E4D9562EACAB}.Release|x64.ActiveCfg = Release|Any CPU
		{5CE11ADC-7839-4DB4-9FA5-E4D9562EACAB}.Release|x64.Build.0 = Release|Any CPU
		{5CE11ADC-7839-4DB4-9FA5-E4D9562EACAB}.Release|x86.ActiveCfg = Release|Any CPU
		{5CE11ADC-7839-4DB4-9FA5-E4D9562EACAB}.Release|x86.Build.0 = Release|Any CPU
	EndGlobalSection
EndGlobal
